// !$*UTF8*$!
{
	archiveVersion = 1;
	classes = {
	};
	objectVersion = 56;
	objects = {

/* Begin PBXBuildFile section */
		C670377228FDC33600D4E719 /* NSNotification+.swift in Sources */ = {isa = PBXBuildFile; fileRef = C670377128FDC33600D4E719 /* NSNotification+.swift */; };
		C670377628FDD50200D4E719 /* PromiseDetailView.swift in Sources */ = {isa = PBXBuildFile; fileRef = C670377528FDD50200D4E719 /* PromiseDetailView.swift */; };
		C670377828FDD52700D4E719 /* PromiseDetailViewModel.swift in Sources */ = {isa = PBXBuildFile; fileRef = C670377728FDD52700D4E719 /* PromiseDetailViewModel.swift */; };
		C6AA71F628FCE59B0091A868 /* MaroApp.swift in Sources */ = {isa = PBXBuildFile; fileRef = C6AA71F528FCE59B0091A868 /* MaroApp.swift */; };
		C6AA71F828FCE59B0091A868 /* MainView.swift in Sources */ = {isa = PBXBuildFile; fileRef = C6AA71F728FCE59B0091A868 /* MainView.swift */; };
		C6AA71FA28FCE59D0091A868 /* Assets.xcassets in Resources */ = {isa = PBXBuildFile; fileRef = C6AA71F928FCE59D0091A868 /* Assets.xcassets */; };
		C6AA71FD28FCE59D0091A868 /* Preview Assets.xcassets in Resources */ = {isa = PBXBuildFile; fileRef = C6AA71FC28FCE59D0091A868 /* Preview Assets.xcassets */; };
		C6AA720828FCE5E20091A868 /* MainViewModel.swift in Sources */ = {isa = PBXBuildFile; fileRef = C6AA720728FCE5E20091A868 /* MainViewModel.swift */; };
		C6AA720A28FCE6BF0091A868 /* OnBoardingTabView.swift in Sources */ = {isa = PBXBuildFile; fileRef = C6AA720928FCE6BF0091A868 /* OnBoardingTabView.swift */; };
		C6AA720D28FCEA240091A868 /* Color+.swift in Sources */ = {isa = PBXBuildFile; fileRef = C6AA720C28FCEA240091A868 /* Color+.swift */; };
		C6AA721628FCFA250091A868 /* DataModel.xcdatamodeld in Sources */ = {isa = PBXBuildFile; fileRef = C6AA721428FCFA250091A868 /* DataModel.xcdatamodeld */; };
		C6AA721828FCFAF70091A868 /* CreatePromiseView.swift in Sources */ = {isa = PBXBuildFile; fileRef = C6AA721728FCFAF70091A868 /* CreatePromiseView.swift */; };
		C6AA721A28FCFCFA0091A868 /* CreatePromiseViewModel.swift in Sources */ = {isa = PBXBuildFile; fileRef = C6AA721928FCFCFA0091A868 /* CreatePromiseViewModel.swift */; };
		C6AA721C28FD046F0091A868 /* CoreDataManager.swift in Sources */ = {isa = PBXBuildFile; fileRef = C6AA721B28FD046F0091A868 /* CoreDataManager.swift */; };
		C6AA723B28FD05DB0091A868 /* Category.swift in Sources */ = {isa = PBXBuildFile; fileRef = C6AA723A28FD05DB0091A868 /* Category.swift */; };
		C6AA724328FD2CE80091A868 /* PromiseEntity.swift in Sources */ = {isa = PBXBuildFile; fileRef = C6AA724228FD2CE80091A868 /* PromiseEntity.swift */; };
/* End PBXBuildFile section */

/* Begin PBXCopyFilesBuildPhase section */
		C6AA723628FD04FF0091A868 /* Embed Foundation Extensions */ = {
			isa = PBXCopyFilesBuildPhase;
			buildActionMask = 2147483647;
			dstPath = "";
			dstSubfolderSpec = 13;
			files = (
			);
			name = "Embed Foundation Extensions";
			runOnlyForDeploymentPostprocessing = 0;
		};
/* End PBXCopyFilesBuildPhase section */

/* Begin PBXFileReference section */
		7A59867C28FF0A0F00536A2D /* -----Info.plist */ = {isa = PBXFileReference; lastKnownFileType = text.plist; path = "-----Info.plist"; sourceTree = "<group>"; };
		C670377128FDC33600D4E719 /* NSNotification+.swift */ = {isa = PBXFileReference; lastKnownFileType = sourcecode.swift; path = "NSNotification+.swift"; sourceTree = "<group>"; };
		C670377528FDD50200D4E719 /* PromiseDetailView.swift */ = {isa = PBXFileReference; lastKnownFileType = sourcecode.swift; path = PromiseDetailView.swift; sourceTree = "<group>"; };
		C670377728FDD52700D4E719 /* PromiseDetailViewModel.swift */ = {isa = PBXFileReference; lastKnownFileType = sourcecode.swift; path = PromiseDetailViewModel.swift; sourceTree = "<group>"; };
		C6AA71F228FCE59B0091A868 /* 마로.app */ = {isa = PBXFileReference; explicitFileType = wrapper.application; includeInIndex = 0; path = "마로.app"; sourceTree = BUILT_PRODUCTS_DIR; };
		C6AA71F528FCE59B0091A868 /* MaroApp.swift */ = {isa = PBXFileReference; lastKnownFileType = sourcecode.swift; path = MaroApp.swift; sourceTree = "<group>"; };
		C6AA71F728FCE59B0091A868 /* MainView.swift */ = {isa = PBXFileReference; lastKnownFileType = sourcecode.swift; path = MainView.swift; sourceTree = "<group>"; };
		C6AA71F928FCE59D0091A868 /* Assets.xcassets */ = {isa = PBXFileReference; lastKnownFileType = folder.assetcatalog; path = Assets.xcassets; sourceTree = "<group>"; };
		C6AA71FC28FCE59D0091A868 /* Preview Assets.xcassets */ = {isa = PBXFileReference; lastKnownFileType = folder.assetcatalog; path = "Preview Assets.xcassets"; sourceTree = "<group>"; };
		C6AA720728FCE5E20091A868 /* MainViewModel.swift */ = {isa = PBXFileReference; lastKnownFileType = sourcecode.swift; path = MainViewModel.swift; sourceTree = "<group>"; };
		C6AA720928FCE6BF0091A868 /* OnBoardingTabView.swift */ = {isa = PBXFileReference; lastKnownFileType = sourcecode.swift; path = OnBoardingTabView.swift; sourceTree = "<group>"; };
		C6AA720C28FCEA240091A868 /* Color+.swift */ = {isa = PBXFileReference; lastKnownFileType = sourcecode.swift; path = "Color+.swift"; sourceTree = "<group>"; };
		C6AA721528FCFA250091A868 /* DataModel.xcdatamodel */ = {isa = PBXFileReference; lastKnownFileType = wrapper.xcdatamodel; path = DataModel.xcdatamodel; sourceTree = "<group>"; };
		C6AA721728FCFAF70091A868 /* CreatePromiseView.swift */ = {isa = PBXFileReference; lastKnownFileType = sourcecode.swift; path = CreatePromiseView.swift; sourceTree = "<group>"; };
		C6AA721928FCFCFA0091A868 /* CreatePromiseViewModel.swift */ = {isa = PBXFileReference; lastKnownFileType = sourcecode.swift; path = CreatePromiseViewModel.swift; sourceTree = "<group>"; };
		C6AA721B28FD046F0091A868 /* CoreDataManager.swift */ = {isa = PBXFileReference; lastKnownFileType = sourcecode.swift; path = CoreDataManager.swift; sourceTree = "<group>"; };
		C6AA722328FD04FE0091A868 /* WidgetKit.framework */ = {isa = PBXFileReference; lastKnownFileType = wrapper.framework; name = WidgetKit.framework; path = System/Library/Frameworks/WidgetKit.framework; sourceTree = SDKROOT; };
		C6AA722528FD04FE0091A868 /* SwiftUI.framework */ = {isa = PBXFileReference; lastKnownFileType = wrapper.framework; name = SwiftUI.framework; path = System/Library/Frameworks/SwiftUI.framework; sourceTree = SDKROOT; };
		C6AA723728FD05220091A868 /* Maro.entitlements */ = {isa = PBXFileReference; lastKnownFileType = text.plist.entitlements; path = Maro.entitlements; sourceTree = "<group>"; };
		C6AA723828FD053C0091A868 /* MaroWidgetExtension.entitlements */ = {isa = PBXFileReference; lastKnownFileType = text.plist.entitlements; path = MaroWidgetExtension.entitlements; sourceTree = "<group>"; };
		C6AA723A28FD05DB0091A868 /* Category.swift */ = {isa = PBXFileReference; lastKnownFileType = sourcecode.swift; path = Category.swift; sourceTree = "<group>"; };
		C6AA724228FD2CE80091A868 /* PromiseEntity.swift */ = {isa = PBXFileReference; lastKnownFileType = sourcecode.swift; path = PromiseEntity.swift; sourceTree = "<group>"; };
/* End PBXFileReference section */

/* Begin PBXFrameworksBuildPhase section */
		C6AA71EF28FCE59B0091A868 /* Frameworks */ = {
			isa = PBXFrameworksBuildPhase;
			buildActionMask = 2147483647;
			files = (
			);
			runOnlyForDeploymentPostprocessing = 0;
		};
/* End PBXFrameworksBuildPhase section */

/* Begin PBXGroup section */
		C6AA71E928FCE59B0091A868 = {
			isa = PBXGroup;
			children = (
				7A59867C28FF0A0F00536A2D /* -----Info.plist */,
				C6AA723828FD053C0091A868 /* MaroWidgetExtension.entitlements */,
				C6AA71F428FCE59B0091A868 /* Maro */,
				C6AA722228FD04FE0091A868 /* Frameworks */,
				C6AA71F328FCE59B0091A868 /* Products */,
			);
			sourceTree = "<group>";
		};
		C6AA71F328FCE59B0091A868 /* Products */ = {
			isa = PBXGroup;
			children = (
				C6AA71F228FCE59B0091A868 /* 마로.app */,
			);
			name = Products;
			sourceTree = "<group>";
		};
		C6AA71F428FCE59B0091A868 /* Maro */ = {
			isa = PBXGroup;
			children = (
				C6AA723728FD05220091A868 /* Maro.entitlements */,
				C6AA71F528FCE59B0091A868 /* MaroApp.swift */,
				C6AA723928FD05740091A868 /* Model */,
				C6AA720628FCE5C70091A868 /* Extension */,
				C6AA720528FCE5C00091A868 /* CoreData */,
				C6AA720428FCE5B90091A868 /* ViewModel */,
				C6AA720328FCE5B00091A868 /* View */,
				C6AA71F928FCE59D0091A868 /* Assets.xcassets */,
				C6AA71FB28FCE59D0091A868 /* Preview Content */,
			);
			path = Maro;
			sourceTree = "<group>";
		};
		C6AA71FB28FCE59D0091A868 /* Preview Content */ = {
			isa = PBXGroup;
			children = (
				C6AA71FC28FCE59D0091A868 /* Preview Assets.xcassets */,
			);
			path = "Preview Content";
			sourceTree = "<group>";
		};
		C6AA720328FCE5B00091A868 /* View */ = {
			isa = PBXGroup;
			children = (
				C6AA71F728FCE59B0091A868 /* MainView.swift */,
				C6AA721728FCFAF70091A868 /* CreatePromiseView.swift */,
				C670377528FDD50200D4E719 /* PromiseDetailView.swift */,
				C6AA720928FCE6BF0091A868 /* OnBoardingTabView.swift */,
			);
			path = View;
			sourceTree = "<group>";
		};
		C6AA720428FCE5B90091A868 /* ViewModel */ = {
			isa = PBXGroup;
			children = (
				C6AA720728FCE5E20091A868 /* MainViewModel.swift */,
				C6AA721928FCFCFA0091A868 /* CreatePromiseViewModel.swift */,
				C670377728FDD52700D4E719 /* PromiseDetailViewModel.swift */,
			);
			path = ViewModel;
			sourceTree = "<group>";
		};
		C6AA720528FCE5C00091A868 /* CoreData */ = {
			isa = PBXGroup;
			children = (
				C6AA721428FCFA250091A868 /* DataModel.xcdatamodeld */,
				C6AA721B28FD046F0091A868 /* CoreDataManager.swift */,
			);
			path = CoreData;
			sourceTree = "<group>";
		};
		C6AA720628FCE5C70091A868 /* Extension */ = {
			isa = PBXGroup;
			children = (
				C6AA720C28FCEA240091A868 /* Color+.swift */,
				C670377128FDC33600D4E719 /* NSNotification+.swift */,
			);
			path = Extension;
			sourceTree = "<group>";
		};
		C6AA722228FD04FE0091A868 /* Frameworks */ = {
			isa = PBXGroup;
			children = (
				C6AA722328FD04FE0091A868 /* WidgetKit.framework */,
				C6AA722528FD04FE0091A868 /* SwiftUI.framework */,
			);
			name = Frameworks;
			sourceTree = "<group>";
		};
		C6AA723928FD05740091A868 /* Model */ = {
			isa = PBXGroup;
			children = (
				C6AA723A28FD05DB0091A868 /* Category.swift */,
				C6AA724228FD2CE80091A868 /* PromiseEntity.swift */,
			);
			path = Model;
			sourceTree = "<group>";
		};
/* End PBXGroup section */

/* Begin PBXNativeTarget section */
		C6AA71F128FCE59B0091A868 /* 마로 */ = {
			isa = PBXNativeTarget;
			buildConfigurationList = C6AA720028FCE59D0091A868 /* Build configuration list for PBXNativeTarget "마로" */;
			buildPhases = (
				C6AA71EE28FCE59B0091A868 /* Sources */,
				C6AA71EF28FCE59B0091A868 /* Frameworks */,
				C6AA71F028FCE59B0091A868 /* Resources */,
				C6AA723628FD04FF0091A868 /* Embed Foundation Extensions */,
			);
			buildRules = (
			);
			dependencies = (
			);
			name = "마로";
			productName = Maro;
			productReference = C6AA71F228FCE59B0091A868 /* 마로.app */;
			productType = "com.apple.product-type.application";
		};
/* End PBXNativeTarget section */

/* Begin PBXProject section */
		C6AA71EA28FCE59B0091A868 /* Project object */ = {
			isa = PBXProject;
			attributes = {
				BuildIndependentTargetsInParallel = 1;
				LastSwiftUpdateCheck = 1400;
				LastUpgradeCheck = 1400;
				TargetAttributes = {
					C6AA71F128FCE59B0091A868 = {
						CreatedOnToolsVersion = 14.0.1;
					};
				};
			};
			buildConfigurationList = C6AA71ED28FCE59B0091A868 /* Build configuration list for PBXProject "Maro" */;
			compatibilityVersion = "Xcode 14.0";
			developmentRegion = en;
			hasScannedForEncodings = 0;
			knownRegions = (
				en,
				Base,
			);
			mainGroup = C6AA71E928FCE59B0091A868;
			productRefGroup = C6AA71F328FCE59B0091A868 /* Products */;
			projectDirPath = "";
			projectRoot = "";
			targets = (
				C6AA71F128FCE59B0091A868 /* 마로 */,
			);
		};
/* End PBXProject section */

/* Begin PBXResourcesBuildPhase section */
		C6AA71F028FCE59B0091A868 /* Resources */ = {
			isa = PBXResourcesBuildPhase;
			buildActionMask = 2147483647;
			files = (
				C6AA71FD28FCE59D0091A868 /* Preview Assets.xcassets in Resources */,
				C6AA71FA28FCE59D0091A868 /* Assets.xcassets in Resources */,
			);
			runOnlyForDeploymentPostprocessing = 0;
		};
/* End PBXResourcesBuildPhase section */

/* Begin PBXSourcesBuildPhase section */
		C6AA71EE28FCE59B0091A868 /* Sources */ = {
			isa = PBXSourcesBuildPhase;
			buildActionMask = 2147483647;
			files = (
				C6AA721828FCFAF70091A868 /* CreatePromiseView.swift in Sources */,
				C6AA71F828FCE59B0091A868 /* MainView.swift in Sources */,
				C6AA720D28FCEA240091A868 /* Color+.swift in Sources */,
				C670377628FDD50200D4E719 /* PromiseDetailView.swift in Sources */,
				C6AA71F628FCE59B0091A868 /* MaroApp.swift in Sources */,
				C6AA721628FCFA250091A868 /* DataModel.xcdatamodeld in Sources */,
				C670377828FDD52700D4E719 /* PromiseDetailViewModel.swift in Sources */,
				C670377228FDC33600D4E719 /* NSNotification+.swift in Sources */,
				C6AA724328FD2CE80091A868 /* PromiseEntity.swift in Sources */,
				C6AA720828FCE5E20091A868 /* MainViewModel.swift in Sources */,
				C6AA721C28FD046F0091A868 /* CoreDataManager.swift in Sources */,
				C6AA721A28FCFCFA0091A868 /* CreatePromiseViewModel.swift in Sources */,
				C6AA720A28FCE6BF0091A868 /* OnBoardingTabView.swift in Sources */,
				C6AA723B28FD05DB0091A868 /* Category.swift in Sources */,
			);
			runOnlyForDeploymentPostprocessing = 0;
		};
/* End PBXSourcesBuildPhase section */

/* Begin XCBuildConfiguration section */
		C6AA71FE28FCE59D0091A868 /* Debug */ = {
			isa = XCBuildConfiguration;
			buildSettings = {
				ALWAYS_SEARCH_USER_PATHS = NO;
				CLANG_ANALYZER_NONNULL = YES;
				CLANG_ANALYZER_NUMBER_OBJECT_CONVERSION = YES_AGGRESSIVE;
				CLANG_CXX_LANGUAGE_STANDARD = "gnu++20";
				CLANG_ENABLE_MODULES = YES;
				CLANG_ENABLE_OBJC_ARC = YES;
				CLANG_ENABLE_OBJC_WEAK = YES;
				CLANG_WARN_BLOCK_CAPTURE_AUTORELEASING = YES;
				CLANG_WARN_BOOL_CONVERSION = YES;
				CLANG_WARN_COMMA = YES;
				CLANG_WARN_CONSTANT_CONVERSION = YES;
				CLANG_WARN_DEPRECATED_OBJC_IMPLEMENTATIONS = YES;
				CLANG_WARN_DIRECT_OBJC_ISA_USAGE = YES_ERROR;
				CLANG_WARN_DOCUMENTATION_COMMENTS = YES;
				CLANG_WARN_EMPTY_BODY = YES;
				CLANG_WARN_ENUM_CONVERSION = YES;
				CLANG_WARN_INFINITE_RECURSION = YES;
				CLANG_WARN_INT_CONVERSION = YES;
				CLANG_WARN_NON_LITERAL_NULL_CONVERSION = YES;
				CLANG_WARN_OBJC_IMPLICIT_RETAIN_SELF = YES;
				CLANG_WARN_OBJC_LITERAL_CONVERSION = YES;
				CLANG_WARN_OBJC_ROOT_CLASS = YES_ERROR;
				CLANG_WARN_QUOTED_INCLUDE_IN_FRAMEWORK_HEADER = YES;
				CLANG_WARN_RANGE_LOOP_ANALYSIS = YES;
				CLANG_WARN_STRICT_PROTOTYPES = YES;
				CLANG_WARN_SUSPICIOUS_MOVE = YES;
				CLANG_WARN_UNGUARDED_AVAILABILITY = YES_AGGRESSIVE;
				CLANG_WARN_UNREACHABLE_CODE = YES;
				CLANG_WARN__DUPLICATE_METHOD_MATCH = YES;
				COPY_PHASE_STRIP = NO;
				DEBUG_INFORMATION_FORMAT = dwarf;
				ENABLE_STRICT_OBJC_MSGSEND = YES;
				ENABLE_TESTABILITY = YES;
				GCC_C_LANGUAGE_STANDARD = gnu11;
				GCC_DYNAMIC_NO_PIC = NO;
				GCC_NO_COMMON_BLOCKS = YES;
				GCC_OPTIMIZATION_LEVEL = 0;
				GCC_PREPROCESSOR_DEFINITIONS = (
					"DEBUG=1",
					"$(inherited)",
				);
				GCC_WARN_64_TO_32_BIT_CONVERSION = YES;
				GCC_WARN_ABOUT_RETURN_TYPE = YES_ERROR;
				GCC_WARN_UNDECLARED_SELECTOR = YES;
				GCC_WARN_UNINITIALIZED_AUTOS = YES_AGGRESSIVE;
				GCC_WARN_UNUSED_FUNCTION = YES;
				GCC_WARN_UNUSED_VARIABLE = YES;
				IPHONEOS_DEPLOYMENT_TARGET = 16.0;
				MTL_ENABLE_DEBUG_INFO = INCLUDE_SOURCE;
				MTL_FAST_MATH = YES;
				ONLY_ACTIVE_ARCH = YES;
				SDKROOT = iphoneos;
				SWIFT_ACTIVE_COMPILATION_CONDITIONS = DEBUG;
				SWIFT_OPTIMIZATION_LEVEL = "-Onone";
			};
			name = Debug;
		};
		C6AA71FF28FCE59D0091A868 /* Release */ = {
			isa = XCBuildConfiguration;
			buildSettings = {
				ALWAYS_SEARCH_USER_PATHS = NO;
				CLANG_ANALYZER_NONNULL = YES;
				CLANG_ANALYZER_NUMBER_OBJECT_CONVERSION = YES_AGGRESSIVE;
				CLANG_CXX_LANGUAGE_STANDARD = "gnu++20";
				CLANG_ENABLE_MODULES = YES;
				CLANG_ENABLE_OBJC_ARC = YES;
				CLANG_ENABLE_OBJC_WEAK = YES;
				CLANG_WARN_BLOCK_CAPTURE_AUTORELEASING = YES;
				CLANG_WARN_BOOL_CONVERSION = YES;
				CLANG_WARN_COMMA = YES;
				CLANG_WARN_CONSTANT_CONVERSION = YES;
				CLANG_WARN_DEPRECATED_OBJC_IMPLEMENTATIONS = YES;
				CLANG_WARN_DIRECT_OBJC_ISA_USAGE = YES_ERROR;
				CLANG_WARN_DOCUMENTATION_COMMENTS = YES;
				CLANG_WARN_EMPTY_BODY = YES;
				CLANG_WARN_ENUM_CONVERSION = YES;
				CLANG_WARN_INFINITE_RECURSION = YES;
				CLANG_WARN_INT_CONVERSION = YES;
				CLANG_WARN_NON_LITERAL_NULL_CONVERSION = YES;
				CLANG_WARN_OBJC_IMPLICIT_RETAIN_SELF = YES;
				CLANG_WARN_OBJC_LITERAL_CONVERSION = YES;
				CLANG_WARN_OBJC_ROOT_CLASS = YES_ERROR;
				CLANG_WARN_QUOTED_INCLUDE_IN_FRAMEWORK_HEADER = YES;
				CLANG_WARN_RANGE_LOOP_ANALYSIS = YES;
				CLANG_WARN_STRICT_PROTOTYPES = YES;
				CLANG_WARN_SUSPICIOUS_MOVE = YES;
				CLANG_WARN_UNGUARDED_AVAILABILITY = YES_AGGRESSIVE;
				CLANG_WARN_UNREACHABLE_CODE = YES;
				CLANG_WARN__DUPLICATE_METHOD_MATCH = YES;
				COPY_PHASE_STRIP = NO;
				DEBUG_INFORMATION_FORMAT = "dwarf-with-dsym";
				ENABLE_NS_ASSERTIONS = NO;
				ENABLE_STRICT_OBJC_MSGSEND = YES;
				GCC_C_LANGUAGE_STANDARD = gnu11;
				GCC_NO_COMMON_BLOCKS = YES;
				GCC_WARN_64_TO_32_BIT_CONVERSION = YES;
				GCC_WARN_ABOUT_RETURN_TYPE = YES_ERROR;
				GCC_WARN_UNDECLARED_SELECTOR = YES;
				GCC_WARN_UNINITIALIZED_AUTOS = YES_AGGRESSIVE;
				GCC_WARN_UNUSED_FUNCTION = YES;
				GCC_WARN_UNUSED_VARIABLE = YES;
				IPHONEOS_DEPLOYMENT_TARGET = 16.0;
				MTL_ENABLE_DEBUG_INFO = NO;
				MTL_FAST_MATH = YES;
				SDKROOT = iphoneos;
				SWIFT_COMPILATION_MODE = wholemodule;
				SWIFT_OPTIMIZATION_LEVEL = "-O";
				VALIDATE_PRODUCT = YES;
			};
			name = Release;
		};
		C6AA720128FCE59D0091A868 /* Debug */ = {
			isa = XCBuildConfiguration;
			buildSettings = {
				ALWAYS_EMBED_SWIFT_STANDARD_LIBRARIES = YES;
				ASSETCATALOG_COMPILER_APPICON_NAME = AppIcon;
				ASSETCATALOG_COMPILER_GLOBAL_ACCENT_COLOR_NAME = AccentColor;
				CODE_SIGN_ENTITLEMENTS = Maro/Maro.entitlements;
				CODE_SIGN_STYLE = Automatic;
				CURRENT_PROJECT_VERSION = 1;
				DEVELOPMENT_ASSET_PATHS = "\"Maro/Preview Content\"";
				DEVELOPMENT_TEAM = 76AJ433CP5;
				ENABLE_PREVIEWS = YES;
				GENERATE_INFOPLIST_FILE = YES;
				INFOPLIST_FILE = "-----Info.plist";
				INFOPLIST_KEY_UIApplicationSceneManifest_Generation = YES;
				INFOPLIST_KEY_UIApplicationSupportsIndirectInputEvents = YES;
				INFOPLIST_KEY_UILaunchScreen_Generation = YES;
				INFOPLIST_KEY_UISupportedInterfaceOrientations_iPad = "UIInterfaceOrientationPortrait UIInterfaceOrientationPortraitUpsideDown";
				INFOPLIST_KEY_UISupportedInterfaceOrientations_iPhone = UIInterfaceOrientationPortrait;
				INFOPLIST_KEY_UIUserInterfaceStyle = Light;
				IPHONEOS_DEPLOYMENT_TARGET = 15.0;
				LD_RUNPATH_SEARCH_PATHS = (
					"$(inherited)",
					"@executable_path/Frameworks",
				);
				MARKETING_VERSION = 1.0;
				PRODUCT_BUNDLE_IDENTIFIER = com.kim.Maro;
				PRODUCT_NAME = "$(TARGET_NAME)";
				SUPPORTED_PLATFORMS = "iphoneos iphonesimulator";
				SUPPORTS_MACCATALYST = NO;
				SUPPORTS_MAC_DESIGNED_FOR_IPHONE_IPAD = NO;
				SWIFT_EMIT_LOC_STRINGS = YES;
				SWIFT_VERSION = 5.0;
				TARGETED_DEVICE_FAMILY = 1;
			};
			name = Debug;
		};
		C6AA720228FCE59D0091A868 /* Release */ = {
			isa = XCBuildConfiguration;
			buildSettings = {
				ALWAYS_EMBED_SWIFT_STANDARD_LIBRARIES = YES;
				ASSETCATALOG_COMPILER_APPICON_NAME = AppIcon;
				ASSETCATALOG_COMPILER_GLOBAL_ACCENT_COLOR_NAME = AccentColor;
				CODE_SIGN_ENTITLEMENTS = Maro/Maro.entitlements;
				CODE_SIGN_STYLE = Automatic;
				CURRENT_PROJECT_VERSION = 1;
				DEVELOPMENT_ASSET_PATHS = "\"Maro/Preview Content\"";
				DEVELOPMENT_TEAM = 76AJ433CP5;
				ENABLE_PREVIEWS = YES;
				GENERATE_INFOPLIST_FILE = YES;
				INFOPLIST_FILE = "-----Info.plist";
				INFOPLIST_KEY_UIApplicationSceneManifest_Generation = YES;
				INFOPLIST_KEY_UIApplicationSupportsIndirectInputEvents = YES;
				INFOPLIST_KEY_UILaunchScreen_Generation = YES;
				INFOPLIST_KEY_UISupportedInterfaceOrientations_iPad = "UIInterfaceOrientationPortrait UIInterfaceOrientationPortraitUpsideDown";
				INFOPLIST_KEY_UISupportedInterfaceOrientations_iPhone = UIInterfaceOrientationPortrait;
				INFOPLIST_KEY_UIUserInterfaceStyle = Light;
				IPHONEOS_DEPLOYMENT_TARGET = 15.0;
				LD_RUNPATH_SEARCH_PATHS = (
					"$(inherited)",
					"@executable_path/Frameworks",
				);
				MARKETING_VERSION = 1.0;
				PRODUCT_BUNDLE_IDENTIFIER = com.kim.Maro;
				PRODUCT_NAME = "$(TARGET_NAME)";
				SUPPORTED_PLATFORMS = "iphoneos iphonesimulator";
				SUPPORTS_MACCATALYST = NO;
				SUPPORTS_MAC_DESIGNED_FOR_IPHONE_IPAD = NO;
				SWIFT_EMIT_LOC_STRINGS = YES;
				SWIFT_VERSION = 5.0;
				TARGETED_DEVICE_FAMILY = 1;
			};
			name = Release;
		};
/* End XCBuildConfiguration section */

/* Begin XCConfigurationList section */
		C6AA71ED28FCE59B0091A868 /* Build configuration list for PBXProject "Maro" */ = {
			isa = XCConfigurationList;
			buildConfigurations = (
				C6AA71FE28FCE59D0091A868 /* Debug */,
				C6AA71FF28FCE59D0091A868 /* Release */,
			);
			defaultConfigurationIsVisible = 0;
			defaultConfigurationName = Release;
		};
		C6AA720028FCE59D0091A868 /* Build configuration list for PBXNativeTarget "마로" */ = {
			isa = XCConfigurationList;
			buildConfigurations = (
				C6AA720128FCE59D0091A868 /* Debug */,
				C6AA720228FCE59D0091A868 /* Release */,
			);
			defaultConfigurationIsVisible = 0;
			defaultConfigurationName = Release;
		};
/* End XCConfigurationList section */

/* Begin XCVersionGroup section */
		C6AA721428FCFA250091A868 /* DataModel.xcdatamodeld */ = {
			isa = XCVersionGroup;
			children = (
				C6AA721528FCFA250091A868 /* DataModel.xcdatamodel */,
			);
			currentVersion = C6AA721528FCFA250091A868 /* DataModel.xcdatamodel */;
			path = DataModel.xcdatamodeld;
			sourceTree = "<group>";
			versionGroupType = wrapper.xcdatamodel;
		};
/* End XCVersionGroup section */
	};
	rootObject = C6AA71EA28FCE59B0091A868 /* Project object */;
}
